# Reproducible Phase-103 test environment for CPython 3.10 / Linux x86_64.
# Generated from the exact wheels used by the final clean-clone acceptance.
attrs==26.1.0 \
    --hash=sha256:c647aa4a12dfbad9333ca4e71fe62ddc36f4e63b2d260a37a8b83d2f043ac309
certifi==2026.7.22 \
    --hash=sha256:62f22742b58a1a33014a2b6b706588a8d7e2a88ae7bd1a6ebe8c992928483775
cffi==2.1.0 \
    --hash=sha256:4d433a51f1870e43a13b6732f92aaf540ff77c2015097c78556f75a2d6c030e0
charset-normalizer==3.4.9 \
    --hash=sha256:9bb41182d93ea91f60b4bc8fbf4c820c69ef8a12ab2d917f3f1834f1acad07e8
cryptography==49.0.0 \
    --hash=sha256:2400ef9c9e2299a25614eb1dea3db54a69b1349efd043bfac9c67630d136df36
idna==3.18 \
    --hash=sha256:7f952cbe720b688055e3f87de14f5c3e5fdaa8bc3928985c4077ca689de849a2
jsonschema==4.26.0 \
    --hash=sha256:d489f15263b8d200f8387e64b4c3a75f06629559fb73deb8fdfb525f2dab50ce
jsonschema-specifications==2025.9.1 \
    --hash=sha256:98802fee3a11ee76ecaca44429fda8a41bff98b00a0f2838151b113f210cc6fe
pdfminer.six==20260107 \
    --hash=sha256:366585ba97e80dffa8f00cebe303d2f381884d8637af4ce422f1df3ef38111a9
pdfplumber==0.11.10 \
    --hash=sha256:7741ea81bf165b474b153e6789d10d18e06b6ddcf3ec84289c3ef2fed6802580
pillow==12.2.0 \
    --hash=sha256:88d387ff40b3ff7c274947ed3125dedf5262ec6919d83946753b5f3d7c67ea4c
pycparser==3.0 \
    --hash=sha256:b727414169a36b7d524c1c3e31839a521725078d7b2ff038656844266160a992
pypdf==6.13.3 \
    --hash=sha256:c6e3f86afb625791510b02ad5480e94b63970bb957df75d44657c282ecc52224
pypdfium2==5.12.1 \
    --hash=sha256:e10cbf41b21233ec5e20adfc170cf60edd77abead86a97dc708fff55a8a886c7
referencing==0.37.0 \
    --hash=sha256:381329a9f99628c9069361716891d34ad94af76e461dcb0335825aecc7692231
requests==2.34.2 \
    --hash=sha256:2a0d60c172f83ac6ab31e4554906c0f3b3588d37b5cb939b1c061f4907e278e0
rpds-py==0.30.0 \
    --hash=sha256:0c0e95f6819a19965ff420f65578bacb0b00f251fefe2c8b23347c37174271f3
typing-extensions==4.15.0 \
    --hash=sha256:f0fa19c6845758ab08074a0cfa8b7aecb71c999ca73d62883bc25cc018c4e548
urllib3==2.7.0 \
    --hash=sha256:9fb4c81ebbb1ce9531cce37674bbc6f1360472bc18ca9a553ede278ef7276897
